// !$*UTF8*$!
{
	archiveVersion = 1;
	classes = {
	};
	objectVersion = 50;
	objects = {

/* Begin PBXBuildFile section */
		189016A321589AE300008949 /* AppDelegate.swift in Sources */ = {isa = PBXBuildFile; fileRef = 189016A221589AE300008949 /* AppDelegate.swift */; };
		189016A521589AE300008949 /* CartViewController.swift in Sources */ = {isa = PBXBuildFile; fileRef = 189016A421589AE300008949 /* CartViewController.swift */; };
		189016A821589AE300008949 /* Main.storyboard in Resources */ = {isa = PBXBuildFile; fileRef = 189016A621589AE300008949 /* Main.storyboard */; };
		189016AA21589AE500008949 /* Assets.xcassets in Resources */ = {isa = PBXBuildFile; fileRef = 189016A921589AE500008949 /* Assets.xcassets */; };
		189016AD21589AE500008949 /* LaunchScreen.storyboard in Resources */ = {isa = PBXBuildFile; fileRef = 189016AB21589AE500008949 /* LaunchScreen.storyboard */; };
		1B69AFE1216053C6003E2284 /* MarketListDatabase.xcdatamodeld in Sources */ = {isa = PBXBuildFile; fileRef = 1B69AFDF216053C6003E2284 /* MarketListDatabase.xcdatamodeld */; };
		1B69AFE621605415003E2284 /* ThingInList+CoreDataClass.swift in Sources */ = {isa = PBXBuildFile; fileRef = 1B69AFE221605415003E2284 /* ThingInList+CoreDataClass.swift */; };
		1B69AFE721605415003E2284 /* ThingInList+CoreDataProperties.swift in Sources */ = {isa = PBXBuildFile; fileRef = 1B69AFE321605415003E2284 /* ThingInList+CoreDataProperties.swift */; };
		1B69AFE821605415003E2284 /* List+CoreDataClass.swift in Sources */ = {isa = PBXBuildFile; fileRef = 1B69AFE421605415003E2284 /* List+CoreDataClass.swift */; };
		1B69AFE921605415003E2284 /* List+CoreDataProperties.swift in Sources */ = {isa = PBXBuildFile; fileRef = 1B69AFE521605415003E2284 /* List+CoreDataProperties.swift */; };
		1B69AFED2160543E003E2284 /* PersistenceManager.swift in Sources */ = {isa = PBXBuildFile; fileRef = 1B69AFEA2160543D003E2284 /* PersistenceManager.swift */; };
		1B69AFEE2160543E003E2284 /* Helper.swift in Sources */ = {isa = PBXBuildFile; fileRef = 1B69AFEB2160543D003E2284 /* Helper.swift */; };
		1B69AFEF2160543E003E2284 /* AlertController.swift in Sources */ = {isa = PBXBuildFile; fileRef = 1B69AFEC2160543E003E2284 /* AlertController.swift */; };
		1B69AFF421607913003E2284 /* TableViewCell.swift in Sources */ = {isa = PBXBuildFile; fileRef = 1B69AFF321607913003E2284 /* TableViewCell.swift */; };
/* End PBXBuildFile section */

/* Begin PBXFileReference section */
		1890169F21589AE300008949 /* MarketList.app */ = {isa = PBXFileReference; explicitFileType = wrapper.application; includeInIndex = 0; path = MarketList.app; sourceTree = BUILT_PRODUCTS_DIR; };
		189016A221589AE300008949 /* AppDelegate.swift */ = {isa = PBXFileReference; lastKnownFileType = sourcecode.swift; path = AppDelegate.swift; sourceTree = "<group>"; };
		189016A421589AE300008949 /* CartViewController.swift */ = {isa = PBXFileReference; lastKnownFileType = sourcecode.swift; path = CartViewController.swift; sourceTree = "<group>"; };
		189016A721589AE300008949 /* Base */ = {isa = PBXFileReference; lastKnownFileType = file.storyboard; name = Base; path = Base.lproj/Main.storyboard; sourceTree = "<group>"; };
		189016A921589AE500008949 /* Assets.xcassets */ = {isa = PBXFileReference; lastKnownFileType = folder.assetcatalog; path = Assets.xcassets; sourceTree = "<group>"; };
		189016AC21589AE500008949 /* Base */ = {isa = PBXFileReference; lastKnownFileType = file.storyboard; name = Base; path = Base.lproj/LaunchScreen.storyboard; sourceTree = "<group>"; };
		189016AE21589AE500008949 /* Info.plist */ = {isa = PBXFileReference; lastKnownFileType = text.plist.xml; path = Info.plist; sourceTree = "<group>"; };
		1B69AFE0216053C6003E2284 /* MarketListModel.xcdatamodel */ = {isa = PBXFileReference; lastKnownFileType = wrapper.xcdatamodel; path = MarketListModel.xcdatamodel; sourceTree = "<group>"; };
		1B69AFE221605415003E2284 /* ThingInList+CoreDataClass.swift */ = {isa = PBXFileReference; lastKnownFileType = sourcecode.swift; path = "ThingInList+CoreDataClass.swift"; sourceTree = "<group>"; };
		1B69AFE321605415003E2284 /* ThingInList+CoreDataProperties.swift */ = {isa = PBXFileReference; lastKnownFileType = sourcecode.swift; path = "ThingInList+CoreDataProperties.swift"; sourceTree = "<group>"; };
		1B69AFE421605415003E2284 /* List+CoreDataClass.swift */ = {isa = PBXFileReference; lastKnownFileType = sourcecode.swift; path = "List+CoreDataClass.swift"; sourceTree = "<group>"; };
		1B69AFE521605415003E2284 /* List+CoreDataProperties.swift */ = {isa = PBXFileReference; lastKnownFileType = sourcecode.swift; path = "List+CoreDataProperties.swift"; sourceTree = "<group>"; };
		1B69AFEA2160543D003E2284 /* PersistenceManager.swift */ = {isa = PBXFileReference; fileEncoding = 4; lastKnownFileType = sourcecode.swift; path = PersistenceManager.swift; sourceTree = "<group>"; };
		1B69AFEB2160543D003E2284 /* Helper.swift */ = {isa = PBXFileReference; fileEncoding = 4; lastKnownFileType = sourcecode.swift; path = Helper.swift; sourceTree = "<group>"; };
		1B69AFEC2160543E003E2284 /* AlertController.swift */ = {isa = PBXFileReference; fileEncoding = 4; lastKnownFileType = sourcecode.swift; path = AlertController.swift; sourceTree = "<group>"; };
		1B69AFF321607913003E2284 /* TableViewCell.swift */ = {isa = PBXFileReference; fileEncoding = 4; lastKnownFileType = sourcecode.swift; path = TableViewCell.swift; sourceTree = "<group>"; };
/* End PBXFileReference section */

/* Begin PBXFrameworksBuildPhase section */
		1890169C21589AE200008949 /* Frameworks */ = {
			isa = PBXFrameworksBuildPhase;
			buildActionMask = 2147483647;
			files = (
			);
			runOnlyForDeploymentPostprocessing = 0;
		};
/* End PBXFrameworksBuildPhase section */

/* Begin PBXGroup section */
		1890169621589AE200008949 = {
			isa = PBXGroup;
			children = (
				189016A121589AE300008949 /* MarketList */,
				189016A021589AE300008949 /* Products */,
			);
			sourceTree = "<group>";
		};
		189016A021589AE300008949 /* Products */ = {
			isa = PBXGroup;
			children = (
				1890169F21589AE300008949 /* MarketList.app */,
			);
			name = Products;
			sourceTree = "<group>";
		};
		189016A121589AE300008949 /* MarketList */ = {
			isa = PBXGroup;
			children = (
				1B69AFF22160548C003E2284 /* Tool */,
				1B69AFF02160544E003E2284 /* Controller */,
				1B69AFF121605461003E2284 /* Model */,
				189016A621589AE300008949 /* Main.storyboard */,
				1B69AFF321607913003E2284 /* TableViewCell.swift */,
				189016AE21589AE500008949 /* Info.plist */,
				189016A921589AE500008949 /* Assets.xcassets */,
				1B69AFDF216053C6003E2284 /* MarketListDatabase.xcdatamodeld */,
				189016B521589B1D00008949 /* SupportingFiles */,
			);
			path = MarketList;
			sourceTree = "<group>";
		};
		189016B521589B1D00008949 /* SupportingFiles */ = {
			isa = PBXGroup;
			children = (
				189016A221589AE300008949 /* AppDelegate.swift */,
				189016AB21589AE500008949 /* LaunchScreen.storyboard */,
			);
			path = SupportingFiles;
			sourceTree = "<group>";
		};
		1B69AFF02160544E003E2284 /* Controller */ = {
			isa = PBXGroup;
			children = (
				189016A421589AE300008949 /* CartViewController.swift */,
			);
			path = Controller;
			sourceTree = "<group>";
		};
		1B69AFF121605461003E2284 /* Model */ = {
			isa = PBXGroup;
			children = (
				1B69AFE221605415003E2284 /* ThingInList+CoreDataClass.swift */,
				1B69AFE321605415003E2284 /* ThingInList+CoreDataProperties.swift */,
				1B69AFE421605415003E2284 /* List+CoreDataClass.swift */,
				1B69AFE521605415003E2284 /* List+CoreDataProperties.swift */,
			);
			path = Model;
			sourceTree = "<group>";
		};
		1B69AFF22160548C003E2284 /* Tool */ = {
			isa = PBXGroup;
			children = (
				1B69AFEC2160543E003E2284 /* AlertController.swift */,
				1B69AFEB2160543D003E2284 /* Helper.swift */,
				1B69AFEA2160543D003E2284 /* PersistenceManager.swift */,
			);
			path = Tool;
			sourceTree = "<group>";
		};
/* End PBXGroup section */

/* Begin PBXNativeTarget section */
		1890169E21589AE200008949 /* MarketList */ = {
			isa = PBXNativeTarget;
			buildConfigurationList = 189016B121589AE500008949 /* Build configuration list for PBXNativeTarget "MarketList" */;
			buildPhases = (
				1890169B21589AE200008949 /* Sources */,
				1890169C21589AE200008949 /* Frameworks */,
				1890169D21589AE200008949 /* Resources */,
			);
			buildRules = (
			);
			dependencies = (
			);
			name = MarketList;
			productName = MarketList;
			productReference = 1890169F21589AE300008949 /* MarketList.app */;
			productType = "com.apple.product-type.application";
		};
/* End PBXNativeTarget section */

/* Begin PBXProject section */
		1890169721589AE200008949 /* Project object */ = {
			isa = PBXProject;
			attributes = {
				LastSwiftUpdateCheck = 0940;
				LastUpgradeCheck = 0940;
				ORGANIZATIONNAME = "Le Thi Hoa";
				TargetAttributes = {
					1890169E21589AE200008949 = {
						CreatedOnToolsVersion = 9.4.1;
						LastSwiftMigration = 1000;
					};
				};
			};
			buildConfigurationList = 1890169A21589AE200008949 /* Build configuration list for PBXProject "MarketList" */;
			compatibilityVersion = "Xcode 9.3";
			developmentRegion = en;
			hasScannedForEncodings = 0;
			knownRegions = (
				en,
				Base,
			);
			mainGroup = 1890169621589AE200008949;
			productRefGroup = 189016A021589AE300008949 /* Products */;
			projectDirPath = "";
			projectRoot = "";
			targets = (
				1890169E21589AE200008949 /* MarketList */,
			);
		};
/* End PBXProject section */

/* Begin PBXResourcesBuildPhase section */
		1890169D21589AE200008949 /* Resources */ = {
			isa = PBXResourcesBuildPhase;
			buildActionMask = 2147483647;
			files = (
				189016AD21589AE500008949 /* LaunchScreen.storyboard in Resources */,
				189016AA21589AE500008949 /* Assets.xcassets in Resources */,
				189016A821589AE300008949 /* Main.storyboard in Resources */,
			);
			runOnlyForDeploymentPostprocessing = 0;
		};
/* End PBXResourcesBuildPhase section */

/* Begin PBXSourcesBuildPhase section */
		1890169B21589AE200008949 /* Sources */ = {
			isa = PBXSourcesBuildPhase;
			buildActionMask = 2147483647;
			files = (
				189016A521589AE300008949 /* CartViewController.swift in Sources */,
				1B69AFE821605415003E2284 /* List+CoreDataClass.swift in Sources */,
				1B69AFE721605415003E2284 /* ThingInList+CoreDataProperties.swift in Sources */,
				1B69AFED2160543E003E2284 /* PersistenceManager.swift in Sources */,
				189016A321589AE300008949 /* AppDelegate.swift in Sources */,
				1B69AFEE2160543E003E2284 /* Helper.swift in Sources */,
				1B69AFF421607913003E2284 /* TableViewCell.swift in Sources */,
				1B69AFEF2160543E003E2284 /* AlertController.swift in Sources */,
				1B69AFE1216053C6003E2284 /* MarketListDatabase.xcdatamodeld in Sources */,
				1B69AFE921605415003E2284 /* List+CoreDataProperties.swift in Sources */,
				1B69AFE621605415003E2284 /* ThingInList+CoreDataClass.swift in Sources */,
			);
			runOnlyForDeploymentPostprocessing = 0;
		};
/* End PBXSourcesBuildPhase section */

/* Begin PBXVariantGroup section */
		189016A621589AE300008949 /* Main.storyboard */ = {
			isa = PBXVariantGroup;
			children = (
				189016A721589AE300008949 /* Base */,
			);
			name = Main.storyboard;
			sourceTree = "<group>";
		};
		189016AB21589AE500008949 /* LaunchScreen.storyboard */ = {
			isa = PBXVariantGroup;
			children = (
				189016AC21589AE500008949 /* Base */,
			);
			name = LaunchScreen.storyboard;
			sourceTree = "<group>";
		};
/* End PBXVariantGroup section */

/* Begin XCBuildConfiguration section */
		189016AF21589AE500008949 /* Debug */ = {
			isa = XCBuildConfiguration;
			buildSettings = {
				ALWAYS_SEARCH_USER_PATHS = NO;
				CLANG_ANALYZER_NONNULL = YES;
				CLANG_ANALYZER_NUMBER_OBJECT_CONVERSION = YES_AGGRESSIVE;
				CLANG_CXX_LANGUAGE_STANDARD = "gnu++14";
				CLANG_CXX_LIBRARY = "libc++";
				CLANG_ENABLE_MODULES = YES;
				CLANG_ENABLE_OBJC_ARC = YES;
				CLANG_ENABLE_OBJC_WEAK = YES;
				CLANG_WARN_BLOCK_CAPTURE_AUTORELEASING = YES;
				CLANG_WARN_BOOL_CONVERSION = YES;
				CLANG_WARN_COMMA = YES;
				CLANG_WARN_CONSTANT_CONVERSION = YES;
				CLANG_WARN_DEPRECATED_OBJC_IMPLEMENTATIONS = YES;
				CLANG_WARN_DIRECT_OBJC_ISA_USAGE = YES_ERROR;
				CLANG_WARN_DOCUMENTATION_COMMENTS = YES;
				CLANG_WARN_EMPTY_BODY = YES;
				CLANG_WARN_ENUM_CONVERSION = YES;
				CLANG_WARN_INFINITE_RECURSION = YES;
				CLANG_WARN_INT_CONVERSION = YES;
				CLANG_WARN_NON_LITERAL_NULL_CONVERSION = YES;
				CLANG_WARN_OBJC_IMPLICIT_RETAIN_SELF = YES;
				CLANG_WARN_OBJC_LITERAL_CONVERSION = YES;
				CLANG_WARN_OBJC_ROOT_CLASS = YES_ERROR;
				CLANG_WARN_RANGE_LOOP_ANALYSIS = YES;
				CLANG_WARN_STRICT_PROTOTYPES = YES;
				CLANG_WARN_SUSPICIOUS_MOVE = YES;
				CLANG_WARN_UNGUARDED_AVAILABILITY = YES_AGGRESSIVE;
				CLANG_WARN_UNREACHABLE_CODE = YES;
				CLANG_WARN__DUPLICATE_METHOD_MATCH = YES;
				CODE_SIGN_IDENTITY = "iPhone Developer";
				COPY_PHASE_STRIP = NO;
				DEBUG_INFORMATION_FORMAT = dwarf;
				ENABLE_STRICT_OBJC_MSGSEND = YES;
				ENABLE_TESTABILITY = YES;
				GCC_C_LANGUAGE_STANDARD = gnu11;
				GCC_DYNAMIC_NO_PIC = NO;
				GCC_NO_COMMON_BLOCKS = YES;
				GCC_OPTIMIZATION_LEVEL = 0;
				GCC_PREPROCESSOR_DEFINITIONS = (
					"DEBUG=1",
					"$(inherited)",
				);
				GCC_WARN_64_TO_32_BIT_CONVERSION = YES;
				GCC_WARN_ABOUT_RETURN_TYPE = YES_ERROR;
				GCC_WARN_UNDECLARED_SELECTOR = YES;
				GCC_WARN_UNINITIALIZED_AUTOS = YES_AGGRESSIVE;
				GCC_WARN_UNUSED_FUNCTION = YES;
				GCC_WARN_UNUSED_VARIABLE = YES;
				IPHONEOS_DEPLOYMENT_TARGET = 11.4;
				MTL_ENABLE_DEBUG_INFO = YES;
				ONLY_ACTIVE_ARCH = YES;
				SDKROOT = iphoneos;
				SWIFT_ACTIVE_COMPILATION_CONDITIONS = DEBUG;
				SWIFT_OPTIMIZATION_LEVEL = "-Onone";
			};
			name = Debug;
		};
		189016B021589AE500008949 /* Release */ = {
			isa = XCBuildConfiguration;
			buildSettings = {
				ALWAYS_SEARCH_USER_PATHS = NO;
				CLANG_ANALYZER_NONNULL = YES;
				CLANG_ANALYZER_NUMBER_OBJECT_CONVERSION = YES_AGGRESSIVE;
				CLANG_CXX_LANGUAGE_STANDARD = "gnu++14";
				CLANG_CXX_LIBRARY = "libc++";
				CLANG_ENABLE_MODULES = YES;
				CLANG_ENABLE_OBJC_ARC = YES;
				CLANG_ENABLE_OBJC_WEAK = YES;
				CLANG_WARN_BLOCK_CAPTURE_AUTORELEASING = YES;
				CLANG_WARN_BOOL_CONVERSION = YES;
				CLANG_WARN_COMMA = YES;
				CLANG_WARN_CONSTANT_CONVERSION = YES;
				CLANG_WARN_DEPRECATED_OBJC_IMPLEMENTATIONS = YES;
				CLANG_WARN_DIRECT_OBJC_ISA_USAGE = YES_ERROR;
				CLANG_WARN_DOCUMENTATION_COMMENTS = YES;
				CLANG_WARN_EMPTY_BODY = YES;
				CLANG_WARN_ENUM_CONVERSION = YES;
				CLANG_WARN_INFINITE_RECURSION = YES;
				CLANG_WARN_INT_CONVERSION = YES;
				CLANG_WARN_NON_LITERAL_NULL_CONVERSION = YES;
				CLANG_WARN_OBJC_IMPLICIT_RETAIN_SELF = YES;
				CLANG_WARN_OBJC_LITERAL_CONVERSION = YES;
				CLANG_WARN_OBJC_ROOT_CLASS = YES_ERROR;
				CLANG_WARN_RANGE_LOOP_ANALYSIS = YES;
				CLANG_WARN_STRICT_PROTOTYPES = YES;
				CLANG_WARN_SUSPICIOUS_MOVE = YES;
				CLANG_WARN_UNGUARDED_AVAILABILITY = YES_AGGRESSIVE;
				CLANG_WARN_UNREACHABLE_CODE = YES;
				CLANG_WARN__DUPLICATE_METHOD_MATCH = YES;
				CODE_SIGN_IDENTITY = "iPhone Developer";
				COPY_PHASE_STRIP = NO;
				DEBUG_INFORMATION_FORMAT = "dwarf-with-dsym";
				ENABLE_NS_ASSERTIONS = NO;
				ENABLE_STRICT_OBJC_MSGSEND = YES;
				GCC_C_LANGUAGE_STANDARD = gnu11;
				GCC_NO_COMMON_BLOCKS = YES;
				GCC_WARN_64_TO_32_BIT_CONVERSION = YES;
				GCC_WARN_ABOUT_RETURN_TYPE = YES_ERROR;
				GCC_WARN_UNDECLARED_SELECTOR = YES;
				GCC_WARN_UNINITIALIZED_AUTOS = YES_AGGRESSIVE;
				GCC_WARN_UNUSED_FUNCTION = YES;
				GCC_WARN_UNUSED_VARIABLE = YES;
				IPHONEOS_DEPLOYMENT_TARGET = 11.4;
				MTL_ENABLE_DEBUG_INFO = NO;
				SDKROOT = iphoneos;
				SWIFT_COMPILATION_MODE = wholemodule;
				SWIFT_OPTIMIZATION_LEVEL = "-O";
				VALIDATE_PRODUCT = YES;
			};
			name = Release;
		};
		189016B221589AE500008949 /* Debug */ = {
			isa = XCBuildConfiguration;
			buildSettings = {
				ASSETCATALOG_COMPILER_APPICON_NAME = AppIcon;
				CODE_SIGN_STYLE = Automatic;
				DEVELOPMENT_TEAM = 3Y33U42327;
				INFOPLIST_FILE = MarketList/Info.plist;
				LD_RUNPATH_SEARCH_PATHS = (
					"$(inherited)",
					"@executable_path/Frameworks",
				);
				PRODUCT_BUNDLE_IDENTIFIER = "Le-Thi-Hoa.MarketList";
				PRODUCT_NAME = "$(TARGET_NAME)";
				SWIFT_VERSION = 4.2;
				TARGETED_DEVICE_FAMILY = "1,2";
			};
			name = Debug;
		};
		189016B321589AE500008949 /* Release */ = {
			isa = XCBuildConfiguration;
			buildSettings = {
				ASSETCATALOG_COMPILER_APPICON_NAME = AppIcon;
				CODE_SIGN_STYLE = Automatic;
				DEVELOPMENT_TEAM = 3Y33U42327;
				INFOPLIST_FILE = MarketList/Info.plist;
				LD_RUNPATH_SEARCH_PATHS = (
					"$(inherited)",
					"@executable_path/Frameworks",
				);
				PRODUCT_BUNDLE_IDENTIFIER = "Le-Thi-Hoa.MarketList";
				PRODUCT_NAME = "$(TARGET_NAME)";
				SWIFT_VERSION = 4.2;
				TARGETED_DEVICE_FAMILY = "1,2";
			};
			name = Release;
		};
/* End XCBuildConfiguration section */

/* Begin XCConfigurationList section */
		1890169A21589AE200008949 /* Build configuration list for PBXProject "MarketList" */ = {
			isa = XCConfigurationList;
			buildConfigurations = (
				189016AF21589AE500008949 /* Debug */,
				189016B021589AE500008949 /* Release */,
			);
			defaultConfigurationIsVisible = 0;
			defaultConfigurationName = Release;
		};
		189016B121589AE500008949 /* Build configuration list for PBXNativeTarget "MarketList" */ = {
			isa = XCConfigurationList;
			buildConfigurations = (
				189016B221589AE500008949 /* Debug */,
				189016B321589AE500008949 /* Release */,
			);
			defaultConfigurationIsVisible = 0;
			defaultConfigurationName = Release;
		};
/* End XCConfigurationList section */

/* Begin XCVersionGroup section */
		1B69AFDF216053C6003E2284 /* MarketListDatabase.xcdatamodeld */ = {
			isa = XCVersionGroup;
			children = (
				1B69AFE0216053C6003E2284 /* MarketListModel.xcdatamodel */,
			);
			currentVersion = 1B69AFE0216053C6003E2284 /* MarketListModel.xcdatamodel */;
			path = MarketListDatabase.xcdatamodeld;
			sourceTree = "<group>";
			versionGroupType = wrapper.xcdatamodel;
		};
/* End XCVersionGroup section */
	};
	rootObject = 1890169721589AE200008949 /* Project object */;
}
